
Microsoft Visual Studio Solution File, Format Version 12.00
# Visual Studio Version 16
VisualStudioVersion = 16.0.31321.278
MinimumVisualStudioVersion = 10.0.40219.1
Project("{FAE04EC0-301F-11D3-BF4B-00C04F79EFBC}") = "ForceSampleMVC", "ForceSampleMVC\ForceSampleMVC.csproj", "{551F5331-4C26-480D-9E8E-694C3558519B}"
EndProject
Global
	GlobalSection(SolutionConfigurationPlatforms) = preSolution
		Debug|Any CPU = Debug|Any CPU
		Release|Any CPU = Release|Any CPU
	EndGlobalSection
	GlobalSection(ProjectConfigurationPlatforms) = postSolution
		{551F5331-4C26-480D-9E8E-694C3558519B}.Debug|Any CPU.ActiveCfg = Debug|Any CPU
		{551F5331-4C26-480D-9E8E-694C3558519B}.Debug|Any CPU.Build.0 = Debug|Any CPU
		{551F5331-4C26-480D-9E8E-694C3558519B}.Release|Any CPU.ActiveCfg = Release|Any CPU
		{551F5331-4C26-480D-9E8E-694C3558519B}.Release|Any CPU.Build.0 = Release|Any CPU
	EndGlobalSection
	GlobalSection(SolutionProperties) = preSolution
		HideSolutionNode = FALSE
	EndGlobalSection
	GlobalSection(ExtensibilityGlobals) = postSolution
		SolutionGuid = {FC4D5BDE-6F77-4D09-B960-9D5C0903B006}
	EndGlobalSection
EndGlobal
